
Microsoft Visual Studio Solution File, Format Version 12.00
# Visual Studio Version 16
VisualStudioVersion = 16.0.31321.278
MinimumVisualStudioVersion = 10.0.40219.1
Project("{888888A0-9F3D-457C-B088-3A5042F75D52}") = "FlaskWebProject", "FlaskWebProject\FlaskWebProject.pyproj", "{FA4D7E3B-DB33-4EA2-8B6B-44B8961A8606}"
EndProject
Global
	GlobalSection(SolutionConfigurationPlatforms) = preSolution
		Debug|Any CPU = Debug|Any CPU
		Release|Any CPU = Release|Any CPU
	EndGlobalSection
	GlobalSection(ProjectConfigurationPlatforms) = postSolution
		{FA4D7E3B-DB33-4EA2-8B6B-44B8961A8606}.Debug|Any CPU.ActiveCfg = Debug|Any CPU
		{FA4D7E3B-DB33-4EA2-8B6B-44B8961A8606}.Debug|Any CPU.Build.0 = Debug|Any CPU
		{FA4D7E3B-DB33-4EA2-8B6B-44B8961A8606}.Release|Any CPU.ActiveCfg = Release|Any CPU
		{FA4D7E3B-DB33-4EA2-8B6B-44B8961A8606}.Release|Any CPU.Build.0 = Release|Any CPU
	EndGlobalSection
	GlobalSection(SolutionProperties) = preSolution
		HideSolutionNode = FALSE
	EndGlobalSection
	GlobalSection(ExtensibilityGlobals) = postSolution
		SolutionGuid = {5F485500-746B-47A6-8EF7-DF406413A417}
	EndGlobalSection
EndGlobal
